
Microsoft Visual Studio Solution File, Format Version 12.00
# Visual Studio 15
VisualStudioVersion = 15.0.26730.16
MinimumVisualStudioVersion = 10.0.40219.1
Project("{FAE04EC0-301F-11D3-BF4B-00C04F79EFBC}") = "Calculadora.Android", "Calculadora\Calculadora.Android\Calculadora.Android.csproj", "{86D3656C-A1C8-4756-9287-F2CDD25DB0D0}"
EndProject
Project("{FAE04EC0-301F-11D3-BF4B-00C04F79EFBC}") = "Calculadora", "Calculadora\Calculadora\Calculadora.csproj", "{839D1D53-89F7-4BDD-B434-5875BB6EB0C8}"
EndProject
Project("{FAE04EC0-301F-11D3-BF4B-00C04F79EFBC}") = "Calculadora.UWP", "Calculadora\Calculadora.UWP\Calculadora.UWP.csproj", "{421367F7-7A9E-4F01-9A7F-2D93B55D3490}"
EndProject
Project("{FAE04EC0-301F-11D3-BF4B-00C04F79EFBC}") = "Calculadora.iOS", "Calculadora\Calculadora.iOS\Calculadora.iOS.csproj", "{C9B6E979-8214-40F2-9C96-6067302F938F}"
EndProject
Global
	GlobalSection(SolutionConfigurationPlatforms) = preSolution
		Ad-Hoc|Any CPU = Ad-Hoc|Any CPU
		Ad-Hoc|ARM = Ad-Hoc|ARM
		Ad-Hoc|iPhone = Ad-Hoc|iPhone
		Ad-Hoc|iPhoneSimulator = Ad-Hoc|iPhoneSimulator
		Ad-Hoc|x64 = Ad-Hoc|x64
		Ad-Hoc|x86 = Ad-Hoc|x86
		AppStore|Any CPU = AppStore|Any CPU
		AppStore|ARM = AppStore|ARM
		AppStore|iPhone = AppStore|iPhone
		AppStore|iPhoneSimulator = AppStore|iPhoneSimulator
		AppStore|x64 = AppStore|x64
		AppStore|x86 = AppStore|x86
		Debug|Any CPU = Debug|Any CPU
		Debug|ARM = Debug|ARM
		Debug|iPhone = Debug|iPhone
		Debug|iPhoneSimulator = Debug|iPhoneSimulator
		Debug|x64 = Debug|x64
		Debug|x86 = Debug|x86
		Release|Any CPU = Release|Any CPU
		Release|ARM = Release|ARM
		Release|iPhone = Release|iPhone
		Release|iPhoneSimulator = Release|iPhoneSimulator
		Release|x64 = Release|x64
		Release|x86 = Release|x86
	EndGlobalSection
	GlobalSection(ProjectConfigurationPlatforms) = postSolution
		{86D3656C-A1C8-4756-9287-F2CDD25DB0D0}.Ad-Hoc|Any CPU.ActiveCfg = Release|Any CPU
		{86D3656C-A1C8-4756-9287-F2CDD25DB0D0}.Ad-Hoc|Any CPU.Build.0 = Release|Any CPU
		{86D3656C-A1C8-4756-9287-F2CDD25DB0D0}.Ad-Hoc|Any CPU.Deploy.0 = Release|Any CPU
		{86D3656C-A1C8-4756-9287-F2CDD25DB0D0}.Ad-Hoc|ARM.ActiveCfg = Release|Any CPU
		{86D3656C-A1C8-4756-9287-F2CDD25DB0D0}.Ad-Hoc|ARM.Build.0 = Release|Any CPU
		{86D3656C-A1C8-4756-9287-F2CDD25DB0D0}.Ad-Hoc|ARM.Deploy.0 = Release|Any CPU
		{86D3656C-A1C8-4756-9287-F2CDD25DB0D0}.Ad-Hoc|iPhone.ActiveCfg = Release|Any CPU
		{86D3656C-A1C8-4756-9287-F2CDD25DB0D0}.Ad-Hoc|iPhone.Build.0 = Release|Any CPU
		{86D3656C-A1C8-4756-9287-F2CDD25DB0D0}.Ad-Hoc|iPhone.Deploy.0 = Release|Any CPU
		{86D3656C-A1C8-4756-9287-F2CDD25DB0D0}.Ad-Hoc|iPhoneSimulator.ActiveCfg = Release|Any CPU
		{86D3656C-A1C8-4756-9287-F2CDD25DB0D0}.Ad-Hoc|iPhoneSimulator.Build.0 = Release|Any CPU
		{86D3656C-A1C8-4756-9287-F2CDD25DB0D0}.Ad-Hoc|iPhoneSimulator.Deploy.0 = Release|Any CPU
		{86D3656C-A1C8-4756-9287-F2CDD25DB0D0}.Ad-Hoc|x64.ActiveCfg = Release|Any CPU
		{86D3656C-A1C8-4756-9287-F2CDD25DB0D0}.Ad-Hoc|x64.Build.0 = Release|Any CPU
		{86D3656C-A1C8-4756-9287-F2CDD25DB0D0}.Ad-Hoc|x64.Deploy.0 = Release|Any CPU
		{86D3656C-A1C8-4756-9287-F2CDD25DB0D0}.Ad-Hoc|x86.ActiveCfg = Release|Any CPU
		{86D3656C-A1C8-4756-9287-F2CDD25DB0D0}.Ad-Hoc|x86.Build.0 = Release|Any CPU
		{86D3656C-A1C8-4756-9287-F2CDD25DB0D0}.Ad-Hoc|x86.Deploy.0 = Release|Any CPU
		{86D3656C-A1C8-4756-9287-F2CDD25DB0D0}.AppStore|Any CPU.ActiveCfg = Release|Any CPU
		{86D3656C-A1C8-4756-9287-F2CDD25DB0D0}.AppStore|Any CPU.Build.0 = Release|Any CPU
		{86D3656C-A1C8-4756-9287-F2CDD25DB0D0}.AppStore|Any CPU.Deploy.0 = Release|Any CPU
		{86D3656C-A1C8-4756-9287-F2CDD25DB0D0}.AppStore|ARM.ActiveCfg = Release|Any CPU
		{86D3656C-A1C8-4756-9287-F2CDD25DB0D0}.AppStore|ARM.Build.0 = Release|Any CPU
		{86D3656C-A1C8-4756-9287-F2CDD25DB0D0}.AppStore|ARM.Deploy.0 = Release|Any CPU
		{86D3656C-A1C8-4756-9287-F2CDD25DB0D0}.AppStore|iPhone.ActiveCfg = Release|Any CPU
		{86D3656C-A1C8-4756-9287-F2CDD25DB0D0}.AppStore|iPhone.Build.0 = Release|Any CPU
		{86D3656C-A1C8-4756-9287-F2CDD25DB0D0}.AppStore|iPhone.Deploy.0 = Release|Any CPU
		{86D3656C-A1C8-4756-9287-F2CDD25DB0D0}.AppStore|iPhoneSimulator.ActiveCfg = Release|Any CPU
		{86D3656C-A1C8-4756-9287-F2CDD25DB0D0}.AppStore|iPhoneSimulator.Build.0 = Release|Any CPU
		{86D3656C-A1C8-4756-9287-F2CDD25DB0D0}.AppStore|iPhoneSimulator.Deploy.0 = Release|Any CPU
		{86D3656C-A1C8-4756-9287-F2CDD25DB0D0}.AppStore|x64.ActiveCfg = Release|Any CPU
		{86D3656C-A1C8-4756-9287-F2CDD25DB0D0}.AppStore|x64.Build.0 = Release|Any CPU
		{86D3656C-A1C8-4756-9287-F2CDD25DB0D0}.AppStore|x64.Deploy.0 = Release|Any CPU
		{86D3656C-A1C8-4756-9287-F2CDD25DB0D0}.AppStore|x86.ActiveCfg = Release|Any CPU
		{86D3656C-A1C8-4756-9287-F2CDD25DB0D0}.AppStore|x86.Build.0 = Release|Any CPU
		{86D3656C-A1C8-4756-9287-F2CDD25DB0D0}.AppStore|x86.Deploy.0 = Release|Any CPU
		{86D3656C-A1C8-4756-9287-F2CDD25DB0D0}.Debug|Any CPU.ActiveCfg = Debug|Any CPU
		{86D3656C-A1C8-4756-9287-F2CDD25DB0D0}.Debug|Any CPU.Build.0 = Debug|Any CPU
		{86D3656C-A1C8-4756-9287-F2CDD25DB0D0}.Debug|Any CPU.Deploy.0 = Debug|Any CPU
		{86D3656C-A1C8-4756-9287-F2CDD25DB0D0}.Debug|ARM.ActiveCfg = Debug|Any CPU
		{86D3656C-A1C8-4756-9287-F2CDD25DB0D0}.Debug|ARM.Build.0 = Debug|Any CPU
		{86D3656C-A1C8-4756-9287-F2CDD25DB0D0}.Debug|ARM.Deploy.0 = Debug|Any CPU
		{86D3656C-A1C8-4756-9287-F2CDD25DB0D0}.Debug|iPhone.ActiveCfg = Debug|Any CPU
		{86D3656C-A1C8-4756-9287-F2CDD25DB0D0}.Debug|iPhone.Build.0 = Debug|Any CPU
		{86D3656C-A1C8-4756-9287-F2CDD25DB0D0}.Debug|iPhone.Deploy.0 = Debug|Any CPU
		{86D3656C-A1C8-4756-9287-F2CDD25DB0D0}.Debug|iPhoneSimulator.ActiveCfg = Debug|Any CPU
		{86D3656C-A1C8-4756-9287-F2CDD25DB0D0}.Debug|iPhoneSimulator.Build.0 = Debug|Any CPU
		{86D3656C-A1C8-4756-9287-F2CDD25DB0D0}.Debug|iPhoneSimulator.Deploy.0 = Debug|Any CPU
		{86D3656C-A1C8-4756-9287-F2CDD25DB0D0}.Debug|x64.ActiveCfg = Debug|Any CPU
		{86D3656C-A1C8-4756-9287-F2CDD25DB0D0}.Debug|x64.Build.0 = Debug|Any CPU
		{86D3656C-A1C8-4756-9287-F2CDD25DB0D0}.Debug|x64.Deploy.0 = Debug|Any CPU
		{86D3656C-A1C8-4756-9287-F2CDD25DB0D0}.Debug|x86.ActiveCfg = Debug|Any CPU
		{86D3656C-A1C8-4756-9287-F2CDD25DB0D0}.Debug|x86.Build.0 = Debug|Any CPU
		{86D3656C-A1C8-4756-9287-F2CDD25DB0D0}.Debug|x86.Deploy.0 = Debug|Any CPU
		{86D3656C-A1C8-4756-9287-F2CDD25DB0D0}.Release|Any CPU.ActiveCfg = Release|Any CPU
		{86D3656C-A1C8-4756-9287-F2CDD25DB0D0}.Release|Any CPU.Build.0 = Release|Any CPU
		{86D3656C-A1C8-4756-9287-F2CDD25DB0D0}.Release|Any CPU.Deploy.0 = Release|Any CPU
		{86D3656C-A1C8-4756-9287-F2CDD25DB0D0}.Release|ARM.ActiveCfg = Release|Any CPU
		{86D3656C-A1C8-4756-9287-F2CDD25DB0D0}.Release|ARM.Build.0 = Release|Any CPU
		{86D3656C-A1C8-4756-9287-F2CDD25DB0D0}.Release|ARM.Deploy.0 = Release|Any CPU
		{86D3656C-A1C8-4756-9287-F2CDD25DB0D0}.Release|iPhone.ActiveCfg = Release|Any CPU
		{86D3656C-A1C8-4756-9287-F2CDD25DB0D0}.Release|iPhone.Build.0 = Release|Any CPU
		{86D3656C-A1C8-4756-9287-F2CDD25DB0D0}.Release|iPhone.Deploy.0 = Release|Any CPU
		{86D3656C-A1C8-4756-9287-F2CDD25DB0D0}.Release|iPhoneSimulator.ActiveCfg = Release|Any CPU
		{86D3656C-A1C8-4756-9287-F2CDD25DB0D0}.Release|iPhoneSimulator.Build.0 = Release|Any CPU
		{86D3656C-A1C8-4756-9287-F2CDD25DB0D0}.Release|iPhoneSimulator.Deploy.0 = Release|Any CPU
		{86D3656C-A1C8-4756-9287-F2CDD25DB0D0}.Release|x64.ActiveCfg = Release|Any CPU
		{86D3656C-A1C8-4756-9287-F2CDD25DB0D0}.Release|x64.Build.0 = Release|Any CPU
		{86D3656C-A1C8-4756-9287-F2CDD25DB0D0}.Release|x64.Deploy.0 = Release|Any CPU
		{86D3656C-A1C8-4756-9287-F2CDD25DB0D0}.Release|x86.ActiveCfg = Release|Any CPU
		{86D3656C-A1C8-4756-9287-F2CDD25DB0D0}.Release|x86.Build.0 = Release|Any CPU
		{86D3656C-A1C8-4756-9287-F2CDD25DB0D0}.Release|x86.Deploy.0 = Release|Any CPU
		{839D1D53-89F7-4BDD-B434-5875BB6EB0C8}.Ad-Hoc|Any CPU.ActiveCfg = Release|Any CPU
		{839D1D53-89F7-4BDD-B434-5875BB6EB0C8}.Ad-Hoc|Any CPU.Build.0 = Release|Any CPU
		{839D1D53-89F7-4BDD-B434-5875BB6EB0C8}.Ad-Hoc|ARM.ActiveCfg = Release|Any CPU
		{839D1D53-89F7-4BDD-B434-5875BB6EB0C8}.Ad-Hoc|ARM.Build.0 = Release|Any CPU
		{839D1D53-89F7-4BDD-B434-5875BB6EB0C8}.Ad-Hoc|iPhone.ActiveCfg = Release|Any CPU
		{839D1D53-89F7-4BDD-B434-5875BB6EB0C8}.Ad-Hoc|iPhone.Build.0 = Release|Any CPU
		{839D1D53-89F7-4BDD-B434-5875BB6EB0C8}.Ad-Hoc|iPhoneSimulator.ActiveCfg = Release|Any CPU
		{839D1D53-89F7-4BDD-B434-5875BB6EB0C8}.Ad-Hoc|iPhoneSimulator.Build.0 = Release|Any CPU
		{839D1D53-89F7-4BDD-B434-5875BB6EB0C8}.Ad-Hoc|x64.ActiveCfg = Release|Any CPU
		{839D1D53-89F7-4BDD-B434-5875BB6EB0C8}.Ad-Hoc|x64.Build.0 = Release|Any CPU
		{839D1D53-89F7-4BDD-B434-5875BB6EB0C8}.Ad-Hoc|x86.ActiveCfg = Release|Any CPU
		{839D1D53-89F7-4BDD-B434-5875BB6EB0C8}.Ad-Hoc|x86.Build.0 = Release|Any CPU
		{839D1D53-89F7-4BDD-B434-5875BB6EB0C8}.AppStore|Any CPU.ActiveCfg = Release|Any CPU
		{839D1D53-89F7-4BDD-B434-5875BB6EB0C8}.AppStore|Any CPU.Build.0 = Release|Any CPU
		{839D1D53-89F7-4BDD-B434-5875BB6EB0C8}.AppStore|ARM.ActiveCfg = Release|Any CPU
		{839D1D53-89F7-4BDD-B434-5875BB6EB0C8}.AppStore|ARM.Build.0 = Release|Any CPU
		{839D1D53-89F7-4BDD-B434-5875BB6EB0C8}.AppStore|iPhone.ActiveCfg = Release|Any CPU
		{839D1D53-89F7-4BDD-B434-5875BB6EB0C8}.AppStore|iPhone.Build.0 = Release|Any CPU
		{839D1D53-89F7-4BDD-B434-5875BB6EB0C8}.AppStore|iPhoneSimulator.ActiveCfg = Release|Any CPU
		{839D1D53-89F7-4BDD-B434-5875BB6EB0C8}.AppStore|iPhoneSimulator.Build.0 = Release|Any CPU
		{839D1D53-89F7-4BDD-B434-5875BB6EB0C8}.AppStore|x64.ActiveCfg = Release|Any CPU
		{839D1D53-89F7-4BDD-B434-5875BB6EB0C8}.AppStore|x64.Build.0 = Release|Any CPU
		{839D1D53-89F7-4BDD-B434-5875BB6EB0C8}.AppStore|x86.ActiveCfg = Release|Any CPU
		{839D1D53-89F7-4BDD-B434-5875BB6EB0C8}.AppStore|x86.Build.0 = Release|Any CPU
		{839D1D53-89F7-4BDD-B434-5875BB6EB0C8}.Debug|Any CPU.ActiveCfg = Debug|Any CPU
		{839D1D53-89F7-4BDD-B434-5875BB6EB0C8}.Debug|Any CPU.Build.0 = Debug|Any CPU
		{839D1D53-89F7-4BDD-B434-5875BB6EB0C8}.Debug|ARM.ActiveCfg = Debug|Any CPU
		{839D1D53-89F7-4BDD-B434-5875BB6EB0C8}.Debug|ARM.Build.0 = Debug|Any CPU
		{839D1D53-89F7-4BDD-B434-5875BB6EB0C8}.Debug|iPhone.ActiveCfg = Debug|Any CPU
		{839D1D53-89F7-4BDD-B434-5875BB6EB0C8}.Debug|iPhone.Build.0 = Debug|Any CPU
		{839D1D53-89F7-4BDD-B434-5875BB6EB0C8}.Debug|iPhoneSimulator.ActiveCfg = Debug|Any CPU
		{839D1D53-89F7-4BDD-B434-5875BB6EB0C8}.Debug|iPhoneSimulator.Build.0 = Debug|Any CPU
		{839D1D53-89F7-4BDD-B434-5875BB6EB0C8}.Debug|x64.ActiveCfg = Debug|Any CPU
		{839D1D53-89F7-4BDD-B434-5875BB6EB0C8}.Debug|x64.Build.0 = Debug|Any CPU
		{839D1D53-89F7-4BDD-B434-5875BB6EB0C8}.Debug|x86.ActiveCfg = Debug|Any CPU
		{839D1D53-89F7-4BDD-B434-5875BB6EB0C8}.Debug|x86.Build.0 = Debug|Any CPU
		{839D1D53-89F7-4BDD-B434-5875BB6EB0C8}.Release|Any CPU.ActiveCfg = Release|Any CPU
		{839D1D53-89F7-4BDD-B434-5875BB6EB0C8}.Release|Any CPU.Build.0 = Release|Any CPU
		{839D1D53-89F7-4BDD-B434-5875BB6EB0C8}.Release|ARM.ActiveCfg = Release|Any CPU
		{839D1D53-89F7-4BDD-B434-5875BB6EB0C8}.Release|ARM.Build.0 = Release|Any CPU
		{839D1D53-89F7-4BDD-B434-5875BB6EB0C8}.Release|iPhone.ActiveCfg = Release|Any CPU
		{839D1D53-89F7-4BDD-B434-5875BB6EB0C8}.Release|iPhone.Build.0 = Release|Any CPU
		{839D1D53-89F7-4BDD-B434-5875BB6EB0C8}.Release|iPhoneSimulator.ActiveCfg = Release|Any CPU
		{839D1D53-89F7-4BDD-B434-5875BB6EB0C8}.Release|iPhoneSimulator.Build.0 = Release|Any CPU
		{839D1D53-89F7-4BDD-B434-5875BB6EB0C8}.Release|x64.ActiveCfg = Release|Any CPU
		{839D1D53-89F7-4BDD-B434-5875BB6EB0C8}.Release|x64.Build.0 = Release|Any CPU
		{839D1D53-89F7-4BDD-B434-5875BB6EB0C8}.Release|x86.ActiveCfg = Release|Any CPU
		{839D1D53-89F7-4BDD-B434-5875BB6EB0C8}.Release|x86.Build.0 = Release|Any CPU
		{421367F7-7A9E-4F01-9A7F-2D93B55D3490}.Ad-Hoc|Any CPU.ActiveCfg = Release|x86
		{421367F7-7A9E-4F01-9A7F-2D93B55D3490}.Ad-Hoc|Any CPU.Build.0 = Release|x86
		{421367F7-7A9E-4F01-9A7F-2D93B55D3490}.Ad-Hoc|Any CPU.Deploy.0 = Release|x86
		{421367F7-7A9E-4F01-9A7F-2D93B55D3490}.Ad-Hoc|ARM.ActiveCfg = Release|ARM
		{421367F7-7A9E-4F01-9A7F-2D93B55D3490}.Ad-Hoc|ARM.Build.0 = Release|ARM
		{421367F7-7A9E-4F01-9A7F-2D93B55D3490}.Ad-Hoc|ARM.Deploy.0 = Release|ARM
		{421367F7-7A9E-4F01-9A7F-2D93B55D3490}.Ad-Hoc|iPhone.ActiveCfg = Release|x86
		{421367F7-7A9E-4F01-9A7F-2D93B55D3490}.Ad-Hoc|iPhone.Build.0 = Release|x86
		{421367F7-7A9E-4F01-9A7F-2D93B55D3490}.Ad-Hoc|iPhone.Deploy.0 = Release|x86
		{421367F7-7A9E-4F01-9A7F-2D93B55D3490}.Ad-Hoc|iPhoneSimulator.ActiveCfg = Release|x86
		{421367F7-7A9E-4F01-9A7F-2D93B55D3490}.Ad-Hoc|iPhoneSimulator.Build.0 = Release|x86
		{421367F7-7A9E-4F01-9A7F-2D93B55D3490}.Ad-Hoc|iPhoneSimulator.Deploy.0 = Release|x86
		{421367F7-7A9E-4F01-9A7F-2D93B55D3490}.Ad-Hoc|x64.ActiveCfg = Release|x64
		{421367F7-7A9E-4F01-9A7F-2D93B55D3490}.Ad-Hoc|x64.Build.0 = Release|x64
		{421367F7-7A9E-4F01-9A7F-2D93B55D3490}.Ad-Hoc|x64.Deploy.0 = Release|x64
		{421367F7-7A9E-4F01-9A7F-2D93B55D3490}.Ad-Hoc|x86.ActiveCfg = Release|x86
		{421367F7-7A9E-4F01-9A7F-2D93B55D3490}.Ad-Hoc|x86.Build.0 = Release|x86
		{421367F7-7A9E-4F01-9A7F-2D93B55D3490}.Ad-Hoc|x86.Deploy.0 = Release|x86
		{421367F7-7A9E-4F01-9A7F-2D93B55D3490}.AppStore|Any CPU.ActiveCfg = Release|x86
		{421367F7-7A9E-4F01-9A7F-2D93B55D3490}.AppStore|Any CPU.Build.0 = Release|x86
		{421367F7-7A9E-4F01-9A7F-2D93B55D3490}.AppStore|Any CPU.Deploy.0 = Release|x86
		{421367F7-7A9E-4F01-9A7F-2D93B55D3490}.AppStore|ARM.ActiveCfg = Release|ARM
		{421367F7-7A9E-4F01-9A7F-2D93B55D3490}.AppStore|ARM.Build.0 = Release|ARM
		{421367F7-7A9E-4F01-9A7F-2D93B55D3490}.AppStore|ARM.Deploy.0 = Release|ARM
		{421367F7-7A9E-4F01-9A7F-2D93B55D3490}.AppStore|iPhone.ActiveCfg = Release|x86
		{421367F7-7A9E-4F01-9A7F-2D93B55D3490}.AppStore|iPhone.Build.0 = Release|x86
		{421367F7-7A9E-4F01-9A7F-2D93B55D3490}.AppStore|iPhone.Deploy.0 = Release|x86
		{421367F7-7A9E-4F01-9A7F-2D93B55D3490}.AppStore|iPhoneSimulator.ActiveCfg = Release|x86
		{421367F7-7A9E-4F01-9A7F-2D93B55D3490}.AppStore|iPhoneSimulator.Build.0 = Release|x86
		{421367F7-7A9E-4F01-9A7F-2D93B55D3490}.AppStore|iPhoneSimulator.Deploy.0 = Release|x86
		{421367F7-7A9E-4F01-9A7F-2D93B55D3490}.AppStore|x64.ActiveCfg = Release|x64
		{421367F7-7A9E-4F01-9A7F-2D93B55D3490}.AppStore|x64.Build.0 = Release|x64
		{421367F7-7A9E-4F01-9A7F-2D93B55D3490}.AppStore|x64.Deploy.0 = Release|x64
		{421367F7-7A9E-4F01-9A7F-2D93B55D3490}.AppStore|x86.ActiveCfg = Release|x86
		{421367F7-7A9E-4F01-9A7F-2D93B55D3490}.AppStore|x86.Build.0 = Release|x86
		{421367F7-7A9E-4F01-9A7F-2D93B55D3490}.AppStore|x86.Deploy.0 = Release|x86
		{421367F7-7A9E-4F01-9A7F-2D93B55D3490}.Debug|Any CPU.ActiveCfg = Debug|x86
		{421367F7-7A9E-4F01-9A7F-2D93B55D3490}.Debug|ARM.ActiveCfg = Debug|ARM
		{421367F7-7A9E-4F01-9A7F-2D93B55D3490}.Debug|ARM.Build.0 = Debug|ARM
		{421367F7-7A9E-4F01-9A7F-2D93B55D3490}.Debug|ARM.Deploy.0 = Debug|ARM
		{421367F7-7A9E-4F01-9A7F-2D93B55D3490}.Debug|iPhone.ActiveCfg = Debug|x86
		{421367F7-7A9E-4F01-9A7F-2D93B55D3490}.Debug|iPhoneSimulator.ActiveCfg = Debug|x86
		{421367F7-7A9E-4F01-9A7F-2D93B55D3490}.Debug|x64.ActiveCfg = Debug|x64
		{421367F7-7A9E-4F01-9A7F-2D93B55D3490}.Debug|x64.Build.0 = Debug|x64
		{421367F7-7A9E-4F01-9A7F-2D93B55D3490}.Debug|x64.Deploy.0 = Debug|x64
		{421367F7-7A9E-4F01-9A7F-2D93B55D3490}.Debug|x86.ActiveCfg = Debug|x64
		{421367F7-7A9E-4F01-9A7F-2D93B55D3490}.Debug|x86.Build.0 = Debug|x64
		{421367F7-7A9E-4F01-9A7F-2D93B55D3490}.Debug|x86.Deploy.0 = Debug|x64
		{421367F7-7A9E-4F01-9A7F-2D93B55D3490}.Release|Any CPU.ActiveCfg = Release|x86
		{421367F7-7A9E-4F01-9A7F-2D93B55D3490}.Release|ARM.ActiveCfg = Release|ARM
		{421367F7-7A9E-4F01-9A7F-2D93B55D3490}.Release|ARM.Build.0 = Release|ARM
		{421367F7-7A9E-4F01-9A7F-2D93B55D3490}.Release|ARM.Deploy.0 = Release|ARM
		{421367F7-7A9E-4F01-9A7F-2D93B55D3490}.Release|iPhone.ActiveCfg = Release|x86
		{421367F7-7A9E-4F01-9A7F-2D93B55D3490}.Release|iPhoneSimulator.ActiveCfg = Release|x86
		{421367F7-7A9E-4F01-9A7F-2D93B55D3490}.Release|x64.ActiveCfg = Release|x64
		{421367F7-7A9E-4F01-9A7F-2D93B55D3490}.Release|x64.Build.0 = Release|x64
		{421367F7-7A9E-4F01-9A7F-2D93B55D3490}.Release|x64.Deploy.0 = Release|x64
		{421367F7-7A9E-4F01-9A7F-2D93B55D3490}.Release|x86.ActiveCfg = Release|x86
		{421367F7-7A9E-4F01-9A7F-2D93B55D3490}.Release|x86.Build.0 = Release|x86
		{421367F7-7A9E-4F01-9A7F-2D93B55D3490}.Release|x86.Deploy.0 = Release|x86
		{C9B6E979-8214-40F2-9C96-6067302F938F}.Ad-Hoc|Any CPU.ActiveCfg = Ad-Hoc|iPhone
		{C9B6E979-8214-40F2-9C96-6067302F938F}.Ad-Hoc|ARM.ActiveCfg = Ad-Hoc|iPhone
		{C9B6E979-8214-40F2-9C96-6067302F938F}.Ad-Hoc|iPhone.ActiveCfg = Ad-Hoc|iPhone
		{C9B6E979-8214-40F2-9C96-6067302F938F}.Ad-Hoc|iPhone.Build.0 = Ad-Hoc|iPhone
		{C9B6E979-8214-40F2-9C96-6067302F938F}.Ad-Hoc|iPhoneSimulator.ActiveCfg = Ad-Hoc|iPhoneSimulator
		{C9B6E979-8214-40F2-9C96-6067302F938F}.Ad-Hoc|iPhoneSimulator.Build.0 = Ad-Hoc|iPhoneSimulator
		{C9B6E979-8214-40F2-9C96-6067302F938F}.Ad-Hoc|x64.ActiveCfg = Ad-Hoc|iPhone
		{C9B6E979-8214-40F2-9C96-6067302F938F}.Ad-Hoc|x86.ActiveCfg = Ad-Hoc|iPhone
		{C9B6E979-8214-40F2-9C96-6067302F938F}.AppStore|Any CPU.ActiveCfg = AppStore|iPhone
		{C9B6E979-8214-40F2-9C96-6067302F938F}.AppStore|ARM.ActiveCfg = AppStore|iPhone
		{C9B6E979-8214-40F2-9C96-6067302F938F}.AppStore|iPhone.ActiveCfg = AppStore|iPhone
		{C9B6E979-8214-40F2-9C96-6067302F938F}.AppStore|iPhone.Build.0 = AppStore|iPhone
		{C9B6E979-8214-40F2-9C96-6067302F938F}.AppStore|iPhoneSimulator.ActiveCfg = AppStore|iPhoneSimulator
		{C9B6E979-8214-40F2-9C96-6067302F938F}.AppStore|iPhoneSimulator.Build.0 = AppStore|iPhoneSimulator
		{C9B6E979-8214-40F2-9C96-6067302F938F}.AppStore|x64.ActiveCfg = AppStore|iPhone
		{C9B6E979-8214-40F2-9C96-6067302F938F}.AppStore|x86.ActiveCfg = AppStore|iPhone
		{C9B6E979-8214-40F2-9C96-6067302F938F}.Debug|Any CPU.ActiveCfg = Debug|iPhone
		{C9B6E979-8214-40F2-9C96-6067302F938F}.Debug|ARM.ActiveCfg = Debug|iPhone
		{C9B6E979-8214-40F2-9C96-6067302F938F}.Debug|iPhone.ActiveCfg = Debug|iPhone
		{C9B6E979-8214-40F2-9C96-6067302F938F}.Debug|iPhone.Build.0 = Debug|iPhone
		{C9B6E979-8214-40F2-9C96-6067302F938F}.Debug|iPhoneSimulator.ActiveCfg = Debug|iPhoneSimulator
		{C9B6E979-8214-40F2-9C96-6067302F938F}.Debug|iPhoneSimulator.Build.0 = Debug|iPhoneSimulator
		{C9B6E979-8214-40F2-9C96-6067302F938F}.Debug|x64.ActiveCfg = Debug|iPhone
		{C9B6E979-8214-40F2-9C96-6067302F938F}.Debug|x64.Build.0 = Debug|iPhone
		{C9B6E979-8214-40F2-9C96-6067302F938F}.Debug|x86.ActiveCfg = Debug|iPhone
		{C9B6E979-8214-40F2-9C96-6067302F938F}.Debug|x86.Build.0 = Debug|iPhone
		{C9B6E979-8214-40F2-9C96-6067302F938F}.Release|Any CPU.ActiveCfg = Release|iPhone
		{C9B6E979-8214-40F2-9C96-6067302F938F}.Release|ARM.ActiveCfg = Release|iPhone
		{C9B6E979-8214-40F2-9C96-6067302F938F}.Release|iPhone.ActiveCfg = Release|iPhone
		{C9B6E979-8214-40F2-9C96-6067302F938F}.Release|iPhone.Build.0 = Release|iPhone
		{C9B6E979-8214-40F2-9C96-6067302F938F}.Release|iPhoneSimulator.ActiveCfg = Release|iPhoneSimulator
		{C9B6E979-8214-40F2-9C96-6067302F938F}.Release|iPhoneSimulator.Build.0 = Release|iPhoneSimulator
		{C9B6E979-8214-40F2-9C96-6067302F938F}.Release|x64.ActiveCfg = Release|iPhone
		{C9B6E979-8214-40F2-9C96-6067302F938F}.Release|x86.ActiveCfg = Release|iPhone
	EndGlobalSection
	GlobalSection(SolutionProperties) = preSolution
		HideSolutionNode = FALSE
	EndGlobalSection
	GlobalSection(ExtensibilityGlobals) = postSolution
		SolutionGuid = {949360DB-F449-468E-9B45-685AC6E44343}
	EndGlobalSection
EndGlobal
